// !$*UTF8*$!
{
	archiveVersion = 1;
	classes = {
	};
	objectVersion = 46;
	objects = {

/* Begin PBXBuildFile section */
		DD670D251F19B2D200F65363 /* AppDelegate.swift in Sources */ = {isa = PBXBuildFile; fileRef = DD670D241F19B2D200F65363 /* AppDelegate.swift */; };
		DD670D271F19B2D200F65363 /* ViewController.swift in Sources */ = {isa = PBXBuildFile; fileRef = DD670D261F19B2D200F65363 /* ViewController.swift */; };
		DD670D2A1F19B2D200F65363 /* Main.storyboard in Resources */ = {isa = PBXBuildFile; fileRef = DD670D281F19B2D200F65363 /* Main.storyboard */; };
		DD670D2C1F19B2D200F65363 /* Assets.xcassets in Resources */ = {isa = PBXBuildFile; fileRef = DD670D2B1F19B2D200F65363 /* Assets.xcassets */; };
		DD670D2F1F19B2D200F65363 /* LaunchScreen.storyboard in Resources */ = {isa = PBXBuildFile; fileRef = DD670D2D1F19B2D200F65363 /* LaunchScreen.storyboard */; };
		DD670D3A1F19B2D200F65363 /* DearMamaTests.swift in Sources */ = {isa = PBXBuildFile; fileRef = DD670D391F19B2D200F65363 /* DearMamaTests.swift */; };
		DD670D451F19B2D200F65363 /* DearMamaUITests.swift in Sources */ = {isa = PBXBuildFile; fileRef = DD670D441F19B2D200F65363 /* DearMamaUITests.swift */; };
/* End PBXBuildFile section */

/* Begin PBXContainerItemProxy section */
		DD670D361F19B2D200F65363 /* PBXContainerItemProxy */ = {
			isa = PBXContainerItemProxy;
			containerPortal = DD670D191F19B2D200F65363 /* Project object */;
			proxyType = 1;
			remoteGlobalIDString = DD670D201F19B2D200F65363;
			remoteInfo = DearMama;
		};
		DD670D411F19B2D200F65363 /* PBXContainerItemProxy */ = {
			isa = PBXContainerItemProxy;
			containerPortal = DD670D191F19B2D200F65363 /* Project object */;
			proxyType = 1;
			remoteGlobalIDString = DD670D201F19B2D200F65363;
			remoteInfo = DearMama;
		};
/* End PBXContainerItemProxy section */

/* Begin PBXFileReference section */
		DD670D211F19B2D200F65363 /* DearMama.app */ = {isa = PBXFileReference; explicitFileType = wrapper.application; includeInIndex = 0; path = DearMama.app; sourceTree = BUILT_PRODUCTS_DIR; };
		DD670D241F19B2D200F65363 /* AppDelegate.swift */ = {isa = PBXFileReference; lastKnownFileType = sourcecode.swift; path = AppDelegate.swift; sourceTree = "<group>"; };
		DD670D261F19B2D200F65363 /* ViewController.swift */ = {isa = PBXFileReference; lastKnownFileType = sourcecode.swift; path = ViewController.swift; sourceTree = "<group>"; };
		DD670D291F19B2D200F65363 /* Base */ = {isa = PBXFileReference; lastKnownFileType = file.storyboard; name = Base; path = Base.lproj/Main.storyboard; sourceTree = "<group>"; };
		DD670D2B1F19B2D200F65363 /* Assets.xcassets */ = {isa = PBXFileReference; lastKnownFileType = folder.assetcatalog; path = Assets.xcassets; sourceTree = "<group>"; };
		DD670D2E1F19B2D200F65363 /* Base */ = {isa = PBXFileReference; lastKnownFileType = file.storyboard; name = Base; path = Base.lproj/LaunchScreen.storyboard; sourceTree = "<group>"; };
		DD670D301F19B2D200F65363 /* Info.plist */ = {isa = PBXFileReference; lastKnownFileType = text.plist.xml; path = Info.plist; sourceTree = "<group>"; };
		DD670D351F19B2D200F65363 /* DearMamaTests.xctest */ = {isa = PBXFileReference; explicitFileType = wrapper.cfbundle; includeInIndex = 0; path = DearMamaTests.xctest; sourceTree = BUILT_PRODUCTS_DIR; };
		DD670D391F19B2D200F65363 /* DearMamaTests.swift */ = {isa = PBXFileReference; lastKnownFileType = sourcecode.swift; path = DearMamaTests.swift; sourceTree = "<group>"; };
		DD670D3B1F19B2D200F65363 /* Info.plist */ = {isa = PBXFileReference; lastKnownFileType = text.plist.xml; path = Info.plist; sourceTree = "<group>"; };
		DD670D401F19B2D200F65363 /* DearMamaUITests.xctest */ = {isa = PBXFileReference; explicitFileType = wrapper.cfbundle; includeInIndex = 0; path = DearMamaUITests.xctest; sourceTree = BUILT_PRODUCTS_DIR; };
		DD670D441F19B2D200F65363 /* DearMamaUITests.swift */ = {isa = PBXFileReference; lastKnownFileType = sourcecode.swift; path = DearMamaUITests.swift; sourceTree = "<group>"; };
		DD670D461F19B2D200F65363 /* Info.plist */ = {isa = PBXFileReference; lastKnownFileType = text.plist.xml; path = Info.plist; sourceTree = "<group>"; };
/* End PBXFileReference section */

/* Begin PBXFrameworksBuildPhase section */
		DD670D1E1F19B2D200F65363 /* Frameworks */ = {
			isa = PBXFrameworksBuildPhase;
			buildActionMask = 2147483647;
			files = (
			);
			runOnlyForDeploymentPostprocessing = 0;
		};
		DD670D321F19B2D200F65363 /* Frameworks */ = {
			isa = PBXFrameworksBuildPhase;
			buildActionMask = 2147483647;
			files = (
			);
			runOnlyForDeploymentPostprocessing = 0;
		};
		DD670D3D1F19B2D200F65363 /* Frameworks */ = {
			isa = PBXFrameworksBuildPhase;
			buildActionMask = 2147483647;
			files = (
			);
			runOnlyForDeploymentPostprocessing = 0;
		};
/* End PBXFrameworksBuildPhase section */

/* Begin PBXGroup section */
		DD670D181F19B2D200F65363 = {
			isa = PBXGroup;
			children = (
				DD670D231F19B2D200F65363 /* DearMama */,
				DD670D381F19B2D200F65363 /* DearMamaTests */,
				DD670D431F19B2D200F65363 /* DearMamaUITests */,
				DD670D221F19B2D200F65363 /* Products */,
			);
			sourceTree = "<group>";
		};
		DD670D221F19B2D200F65363 /* Products */ = {
			isa = PBXGroup;
			children = (
				DD670D211F19B2D200F65363 /* DearMama.app */,
				DD670D351F19B2D200F65363 /* DearMamaTests.xctest */,
				DD670D401F19B2D200F65363 /* DearMamaUITests.xctest */,
			);
			name = Products;
			sourceTree = "<group>";
		};
		DD670D231F19B2D200F65363 /* DearMama */ = {
			isa = PBXGroup;
			children = (
				DD670D241F19B2D200F65363 /* AppDelegate.swift */,
				DD670D261F19B2D200F65363 /* ViewController.swift */,
				DD670D281F19B2D200F65363 /* Main.storyboard */,
				DD670D2B1F19B2D200F65363 /* Assets.xcassets */,
				DD670D2D1F19B2D200F65363 /* LaunchScreen.storyboard */,
				DD670D301F19B2D200F65363 /* Info.plist */,
			);
			path = DearMama;
			sourceTree = "<group>";
		};
		DD670D381F19B2D200F65363 /* DearMamaTests */ = {
			isa = PBXGroup;
			children = (
				DD670D391F19B2D200F65363 /* DearMamaTests.swift */,
				DD670D3B1F19B2D200F65363 /* Info.plist */,
			);
			path = DearMamaTests;
			sourceTree = "<group>";
		};
		DD670D431F19B2D200F65363 /* DearMamaUITests */ = {
			isa = PBXGroup;
			children = (
				DD670D441F19B2D200F65363 /* DearMamaUITests.swift */,
				DD670D461F19B2D200F65363 /* Info.plist */,
			);
			path = DearMamaUITests;
			sourceTree = "<group>";
		};
/* End PBXGroup section */

/* Begin PBXNativeTarget section */
		DD670D201F19B2D200F65363 /* DearMama */ = {
			isa = PBXNativeTarget;
			buildConfigurationList = DD670D491F19B2D200F65363 /* Build configuration list for PBXNativeTarget "DearMama" */;
			buildPhases = (
				DD670D1D1F19B2D200F65363 /* Sources */,
				DD670D1E1F19B2D200F65363 /* Frameworks */,
				DD670D1F1F19B2D200F65363 /* Resources */,
			);
			buildRules = (
			);
			dependencies = (
			);
			name = DearMama;
			productName = DearMama;
			productReference = DD670D211F19B2D200F65363 /* DearMama.app */;
			productType = "com.apple.product-type.application";
		};
		DD670D341F19B2D200F65363 /* DearMamaTests */ = {
			isa = PBXNativeTarget;
			buildConfigurationList = DD670D4C1F19B2D200F65363 /* Build configuration list for PBXNativeTarget "DearMamaTests" */;
			buildPhases = (
				DD670D311F19B2D200F65363 /* Sources */,
				DD670D321F19B2D200F65363 /* Frameworks */,
				DD670D331F19B2D200F65363 /* Resources */,
			);
			buildRules = (
			);
			dependencies = (
				DD670D371F19B2D200F65363 /* PBXTargetDependency */,
			);
			name = DearMamaTests;
			productName = DearMamaTests;
			productReference = DD670D351F19B2D200F65363 /* DearMamaTests.xctest */;
			productType = "com.apple.product-type.bundle.unit-test";
		};
		DD670D3F1F19B2D200F65363 /* DearMamaUITests */ = {
			isa = PBXNativeTarget;
			buildConfigurationList = DD670D4F1F19B2D200F65363 /* Build configuration list for PBXNativeTarget "DearMamaUITests" */;
			buildPhases = (
				DD670D3C1F19B2D200F65363 /* Sources */,
				DD670D3D1F19B2D200F65363 /* Frameworks */,
				DD670D3E1F19B2D200F65363 /* Resources */,
			);
			buildRules = (
			);
			dependencies = (
				DD670D421F19B2D200F65363 /* PBXTargetDependency */,
			);
			name = DearMamaUITests;
			productName = DearMamaUITests;
			productReference = DD670D401F19B2D200F65363 /* DearMamaUITests.xctest */;
			productType = "com.apple.product-type.bundle.ui-testing";
		};
/* End PBXNativeTarget section */

/* Begin PBXProject section */
		DD670D191F19B2D200F65363 /* Project object */ = {
			isa = PBXProject;
			attributes = {
				LastSwiftUpdateCheck = 0830;
				LastUpgradeCheck = 0830;
				ORGANIZATIONNAME = "Jonathan L.";
				TargetAttributes = {
					DD670D201F19B2D200F65363 = {
						CreatedOnToolsVersion = 8.3.3;
						ProvisioningStyle = Automatic;
					};
					DD670D341F19B2D200F65363 = {
						CreatedOnToolsVersion = 8.3.3;
						ProvisioningStyle = Automatic;
						TestTargetID = DD670D201F19B2D200F65363;
					};
					DD670D3F1F19B2D200F65363 = {
						CreatedOnToolsVersion = 8.3.3;
						ProvisioningStyle = Automatic;
						TestTargetID = DD670D201F19B2D200F65363;
					};
				};
			};
			buildConfigurationList = DD670D1C1F19B2D200F65363 /* Build configuration list for PBXProject "DearMama" */;
			compatibilityVersion = "Xcode 3.2";
			developmentRegion = English;
			hasScannedForEncodings = 0;
			knownRegions = (
				en,
				Base,
			);
			mainGroup = DD670D181F19B2D200F65363;
			productRefGroup = DD670D221F19B2D200F65363 /* Products */;
			projectDirPath = "";
			projectRoot = "";
			targets = (
				DD670D201F19B2D200F65363 /* DearMama */,
				DD670D341F19B2D200F65363 /* DearMamaTests */,
				DD670D3F1F19B2D200F65363 /* DearMamaUITests */,
			);
		};
/* End PBXProject section */

/* Begin PBXResourcesBuildPhase section */
		DD670D1F1F19B2D200F65363 /* Resources */ = {
			isa = PBXResourcesBuildPhase;
			buildActionMask = 2147483647;
			files = (
				DD670D2F1F19B2D200F65363 /* LaunchScreen.storyboard in Resources */,
				DD670D2C1F19B2D200F65363 /* Assets.xcassets in Resources */,
				DD670D2A1F19B2D200F65363 /* Main.storyboard in Resources */,
			);
			runOnlyForDeploymentPostprocessing = 0;
		};
		DD670D331F19B2D200F65363 /* Resources */ = {
			isa = PBXResourcesBuildPhase;
			buildActionMask = 2147483647;
			files = (
			);
			runOnlyForDeploymentPostprocessing = 0;
		};
		DD670D3E1F19B2D200F65363 /* Resources */ = {
			isa = PBXResourcesBuildPhase;
			buildActionMask = 2147483647;
			files = (
			);
			runOnlyForDeploymentPostprocessing = 0;
		};
/* End PBXResourcesBuildPhase section */

/* Begin PBXSourcesBuildPhase section */
		DD670D1D1F19B2D200F65363 /* Sources */ = {
			isa = PBXSourcesBuildPhase;
			buildActionMask = 2147483647;
			files = (
				DD670D271F19B2D200F65363 /* ViewController.swift in Sources */,
				DD670D251F19B2D200F65363 /* AppDelegate.swift in Sources */,
			);
			runOnlyForDeploymentPostprocessing = 0;
		};
		DD670D311F19B2D200F65363 /* Sources */ = {
			isa = PBXSourcesBuildPhase;
			buildActionMask = 2147483647;
			files = (
				DD670D3A1F19B2D200F65363 /* DearMamaTests.swift in Sources */,
			);
			runOnlyForDeploymentPostprocessing = 0;
		};
		DD670D3C1F19B2D200F65363 /* Sources */ = {
			isa = PBXSourcesBuildPhase;
			buildActionMask = 2147483647;
			files = (
				DD670D451F19B2D200F65363 /* DearMamaUITests.swift in Sources */,
			);
			runOnlyForDeploymentPostprocessing = 0;
		};
/* End PBXSourcesBuildPhase section */

/* Begin PBXTargetDependency section */
		DD670D371F19B2D200F65363 /* PBXTargetDependency */ = {
			isa = PBXTargetDependency;
			target = DD670D201F19B2D200F65363 /* DearMama */;
			targetProxy = DD670D361F19B2D200F65363 /* PBXContainerItemProxy */;
		};
		DD670D421F19B2D200F65363 /* PBXTargetDependency */ = {
			isa = PBXTargetDependency;
			target = DD670D201F19B2D200F65363 /* DearMama */;
			targetProxy = DD670D411F19B2D200F65363 /* PBXContainerItemProxy */;
		};
/* End PBXTargetDependency section */

/* Begin PBXVariantGroup section */
		DD670D281F19B2D200F65363 /* Main.storyboard */ = {
			isa = PBXVariantGroup;
			children = (
				DD670D291F19B2D200F65363 /* Base */,
			);
			name = Main.storyboard;
			sourceTree = "<group>";
		};
		DD670D2D1F19B2D200F65363 /* LaunchScreen.storyboard */ = {
			isa = PBXVariantGroup;
			children = (
				DD670D2E1F19B2D200F65363 /* Base */,
			);
			name = LaunchScreen.storyboard;
			sourceTree = "<group>";
		};
/* End PBXVariantGroup section */

/* Begin XCBuildConfiguration section */
		DD670D471F19B2D200F65363 /* Debug */ = {
			isa = XCBuildConfiguration;
			buildSettings = {
				ALWAYS_SEARCH_USER_PATHS = NO;
				CLANG_ANALYZER_NONNULL = YES;
				CLANG_ANALYZER_NUMBER_OBJECT_CONVERSION = YES_AGGRESSIVE;
				CLANG_CXX_LANGUAGE_STANDARD = "gnu++0x";
				CLANG_CXX_LIBRARY = "libc++";
				CLANG_ENABLE_MODULES = YES;
				CLANG_ENABLE_OBJC_ARC = YES;
				CLANG_WARN_BOOL_CONVERSION = YES;
				CLANG_WARN_CONSTANT_CONVERSION = YES;
				CLANG_WARN_DIRECT_OBJC_ISA_USAGE = YES_ERROR;
				CLANG_WARN_DOCUMENTATION_COMMENTS = YES;
				CLANG_WARN_EMPTY_BODY = YES;
				CLANG_WARN_ENUM_CONVERSION = YES;
				CLANG_WARN_INFINITE_RECURSION = YES;
				CLANG_WARN_INT_CONVERSION = YES;
				CLANG_WARN_OBJC_ROOT_CLASS = YES_ERROR;
				CLANG_WARN_SUSPICIOUS_MOVE = YES;
				CLANG_WARN_UNREACHABLE_CODE = YES;
				CLANG_WARN__DUPLICATE_METHOD_MATCH = YES;
				"CODE_SIGN_IDENTITY[sdk=iphoneos*]" = "iPhone Developer";
				COPY_PHASE_STRIP = NO;
				DEBUG_INFORMATION_FORMAT = dwarf;
				ENABLE_STRICT_OBJC_MSGSEND = YES;
				ENABLE_TESTABILITY = YES;
				GCC_C_LANGUAGE_STANDARD = gnu99;
				GCC_DYNAMIC_NO_PIC = NO;
				GCC_NO_COMMON_BLOCKS = YES;
				GCC_OPTIMIZATION_LEVEL = 0;
				GCC_PREPROCESSOR_DEFINITIONS = (
					"DEBUG=1",
					"$(inherited)",
				);
				GCC_WARN_64_TO_32_BIT_CONVERSION = YES;
				GCC_WARN_ABOUT_RETURN_TYPE = YES_ERROR;
				GCC_WARN_UNDECLARED_SELECTOR = YES;
				GCC_WARN_UNINITIALIZED_AUTOS = YES_AGGRESSIVE;
				GCC_WARN_UNUSED_FUNCTION = YES;
				GCC_WARN_UNUSED_VARIABLE = YES;
				IPHONEOS_DEPLOYMENT_TARGET = 10.3;
				MTL_ENABLE_DEBUG_INFO = YES;
				ONLY_ACTIVE_ARCH = YES;
				SDKROOT = iphoneos;
				SWIFT_ACTIVE_COMPILATION_CONDITIONS = DEBUG;
				SWIFT_OPTIMIZATION_LEVEL = "-Onone";
				TARGETED_DEVICE_FAMILY = "1,2";
			};
			name = Debug;
		};
		DD670D481F19B2D200F65363 /* Release */ = {
			isa = XCBuildConfiguration;
			buildSettings = {
				ALWAYS_SEARCH_USER_PATHS = NO;
				CLANG_ANALYZER_NONNULL = YES;
				CLANG_ANALYZER_NUMBER_OBJECT_CONVERSION = YES_AGGRESSIVE;
				CLANG_CXX_LANGUAGE_STANDARD = "gnu++0x";
				CLANG_CXX_LIBRARY = "libc++";
				CLANG_ENABLE_MODULES = YES;
				CLANG_ENABLE_OBJC_ARC = YES;
				CLANG_WARN_BOOL_CONVERSION = YES;
				CLANG_WARN_CONSTANT_CONVERSION = YES;
				CLANG_WARN_DIRECT_OBJC_ISA_USAGE = YES_ERROR;
				CLANG_WARN_DOCUMENTATION_COMMENTS = YES;
				CLANG_WARN_EMPTY_BODY = YES;
				CLANG_WARN_ENUM_CONVERSION = YES;
				CLANG_WARN_INFINITE_RECURSION = YES;
				CLANG_WARN_INT_CONVERSION = YES;
				CLANG_WARN_OBJC_ROOT_CLASS = YES_ERROR;
				CLANG_WARN_SUSPICIOUS_MOVE = YES;
				CLANG_WARN_UNREACHABLE_CODE = YES;
				CLANG_WARN__DUPLICATE_METHOD_MATCH = YES;
				"CODE_SIGN_IDENTITY[sdk=iphoneos*]" = "iPhone Developer";
				COPY_PHASE_STRIP = NO;
				DEBUG_INFORMATION_FORMAT = "dwarf-with-dsym";
				ENABLE_NS_ASSERTIONS = NO;
				ENABLE_STRICT_OBJC_MSGSEND = YES;
				GCC_C_LANGUAGE_STANDARD = gnu99;
				GCC_NO_COMMON_BLOCKS = YES;
				GCC_WARN_64_TO_32_BIT_CONVERSION = YES;
				GCC_WARN_ABOUT_RETURN_TYPE = YES_ERROR;
				GCC_WARN_UNDECLARED_SELECTOR = YES;
				GCC_WARN_UNINITIALIZED_AUTOS = YES_AGGRESSIVE;
				GCC_WARN_UNUSED_FUNCTION = YES;
				GCC_WARN_UNUSED_VARIABLE = YES;
				IPHONEOS_DEPLOYMENT_TARGET = 10.3;
				MTL_ENABLE_DEBUG_INFO = NO;
				SDKROOT = iphoneos;
				SWIFT_OPTIMIZATION_LEVEL = "-Owholemodule";
				TARGETED_DEVICE_FAMILY = "1,2";
				VALIDATE_PRODUCT = YES;
			};
			name = Release;
		};
		DD670D4A1F19B2D200F65363 /* Debug */ = {
			isa = XCBuildConfiguration;
			buildSettings = {
				ASSETCATALOG_COMPILER_APPICON_NAME = AppIcon;
				INFOPLIST_FILE = DearMama/Info.plist;
				LD_RUNPATH_SEARCH_PATHS = "$(inherited) @executable_path/Frameworks";
				PRODUCT_BUNDLE_IDENTIFIER = Bluepill.DearMama;
				PRODUCT_NAME = "$(TARGET_NAME)";
				SWIFT_VERSION = 3.0;
			};
			name = Debug;
		};
		DD670D4B1F19B2D200F65363 /* Release */ = {
			isa = XCBuildConfiguration;
			buildSettings = {
				ASSETCATALOG_COMPILER_APPICON_NAME = AppIcon;
				INFOPLIST_FILE = DearMama/Info.plist;
				LD_RUNPATH_SEARCH_PATHS = "$(inherited) @executable_path/Frameworks";
				PRODUCT_BUNDLE_IDENTIFIER = Bluepill.DearMama;
				PRODUCT_NAME = "$(TARGET_NAME)";
				SWIFT_VERSION = 3.0;
			};
			name = Release;
		};
		DD670D4D1F19B2D200F65363 /* Debug */ = {
			isa = XCBuildConfiguration;
			buildSettings = {
				ALWAYS_EMBED_SWIFT_STANDARD_LIBRARIES = YES;
				BUNDLE_LOADER = "$(TEST_HOST)";
				INFOPLIST_FILE = DearMamaTests/Info.plist;
				LD_RUNPATH_SEARCH_PATHS = "$(inherited) @executable_path/Frameworks @loader_path/Frameworks";
				PRODUCT_BUNDLE_IDENTIFIER = Bluepill.DearMamaTests;
				PRODUCT_NAME = "$(TARGET_NAME)";
				SWIFT_VERSION = 3.0;
				TEST_HOST = "$(BUILT_PRODUCTS_DIR)/DearMama.app/DearMama";
			};
			name = Debug;
		};
		DD670D4E1F19B2D200F65363 /* Release */ = {
			isa = XCBuildConfiguration;
			buildSettings = {
				ALWAYS_EMBED_SWIFT_STANDARD_LIBRARIES = YES;
				BUNDLE_LOADER = "$(TEST_HOST)";
				INFOPLIST_FILE = DearMamaTests/Info.plist;
				LD_RUNPATH_SEARCH_PATHS = "$(inherited) @executable_path/Frameworks @loader_path/Frameworks";
				PRODUCT_BUNDLE_IDENTIFIER = Bluepill.DearMamaTests;
				PRODUCT_NAME = "$(TARGET_NAME)";
				SWIFT_VERSION = 3.0;
				TEST_HOST = "$(BUILT_PRODUCTS_DIR)/DearMama.app/DearMama";
			};
			name = Release;
		};
		DD670D501F19B2D200F65363 /* Debug */ = {
			isa = XCBuildConfiguration;
			buildSettings = {
				ALWAYS_EMBED_SWIFT_STANDARD_LIBRARIES = YES;
				INFOPLIST_FILE = DearMamaUITests/Info.plist;
				LD_RUNPATH_SEARCH_PATHS = "$(inherited) @executable_path/Frameworks @loader_path/Frameworks";
				PRODUCT_BUNDLE_IDENTIFIER = Bluepill.DearMamaUITests;
				PRODUCT_NAME = "$(TARGET_NAME)";
				SWIFT_VERSION = 3.0;
				TEST_TARGET_NAME = DearMama;
			};
			name = Debug;
		};
		DD670D511F19B2D200F65363 /* Release */ = {
			isa = XCBuildConfiguration;
			buildSettings = {
				ALWAYS_EMBED_SWIFT_STANDARD_LIBRARIES = YES;
				INFOPLIST_FILE = DearMamaUITests/Info.plist;
				LD_RUNPATH_SEARCH_PATHS = "$(inherited) @executable_path/Frameworks @loader_path/Frameworks";
				PRODUCT_BUNDLE_IDENTIFIER = Bluepill.DearMamaUITests;
				PRODUCT_NAME = "$(TARGET_NAME)";
				SWIFT_VERSION = 3.0;
				TEST_TARGET_NAME = DearMama;
			};
			name = Release;
		};
/* End XCBuildConfiguration section */

/* Begin XCConfigurationList section */
		DD670D1C1F19B2D200F65363 /* Build configuration list for PBXProject "DearMama" */ = {
			isa = XCConfigurationList;
			buildConfigurations = (
				DD670D471F19B2D200F65363 /* Debug */,
				DD670D481F19B2D200F65363 /* Release */,
			);
			defaultConfigurationIsVisible = 0;
			defaultConfigurationName = Release;
		};
		DD670D491F19B2D200F65363 /* Build configuration list for PBXNativeTarget "DearMama" */ = {
			isa = XCConfigurationList;
			buildConfigurations = (
				DD670D4A1F19B2D200F65363 /* Debug */,
				DD670D4B1F19B2D200F65363 /* Release */,
			);
			defaultConfigurationIsVisible = 0;
		};
		DD670D4C1F19B2D200F65363 /* Build configuration list for PBXNativeTarget "DearMamaTests" */ = {
			isa = XCConfigurationList;
			buildConfigurations = (
				DD670D4D1F19B2D200F65363 /* Debug */,
				DD670D4E1F19B2D200F65363 /* Release */,
			);
			defaultConfigurationIsVisible = 0;
		};
		DD670D4F1F19B2D200F65363 /* Build configuration list for PBXNativeTarget "DearMamaUITests" */ = {
			isa = XCConfigurationList;
			buildConfigurations = (
				DD670D501F19B2D200F65363 /* Debug */,
				DD670D511F19B2D200F65363 /* Release */,
			);
			defaultConfigurationIsVisible = 0;
		};
/* End XCConfigurationList section */
	};
	rootObject = DD670D191F19B2D200F65363 /* Project object */;
}
